
Microsoft Visual Studio Solution File, Format Version 12.00
# Visual Studio Version 17
VisualStudioVersion = 17.0.31903.59
MinimumVisualStudioVersion = 10.0.40219.1
Project("{2150E333-8FDC-42A3-9474-1A3956D46DE8}") = "Src", "Src", "{827E0CD3-B72D-47B6-A68D-7590B98EB39B}"
EndProject
Project("{FAE04EC0-301F-11D3-BF4B-00C04F79EFBC}") = "MockingToolkit", "Src\MockingToolkit\MockingToolkit.csproj", "{130FAF33-3EA0-4620-BBD7-708D4D351031}"
EndProject
Project("{FAE04EC0-301F-11D3-BF4B-00C04F79EFBC}") = "MockingToolkit.Extensions.Moq", "Src\MockingToolkit.Extensions.Moq\MockingToolkit.Extensions.Moq.csproj", "{AA0F8FFB-D195-4E14-948D-A92093983D9F}"
EndProject
Project("{2150E333-8FDC-42A3-9474-1A3956D46DE8}") = "Tests", "Tests", "{0AB3BF05-4346-4AA6-1389-037BE0695223}"
EndProject
Project("{2150E333-8FDC-42A3-9474-1A3956D46DE8}") = "MockingToolkit.Extensions.Moq", "MockingToolkit.Extensions.Moq", "{099509D3-D7B8-8B39-F39A-C61CBDC02C5F}"
EndProject
Project("{FAE04EC0-301F-11D3-BF4B-00C04F79EFBC}") = "MockingToolkit.Extensions.Moq.Tests", "Tests\MockingToolkit.Extensions.Moq\MockingToolkit.Extensions.Moq.Tests.csproj", "{0B646812-AC40-4DC3-80DD-6F95F02D53DA}"
EndProject
Project("{2150E333-8FDC-42A3-9474-1A3956D46DE8}") = "PropertyTracking", "PropertyTracking", "{67BCB6F9-4BAE-F70A-0171-DFC127CC9F34}"
EndProject
Project("{FAE04EC0-301F-11D3-BF4B-00C04F79EFBC}") = "MockingToolkit.PropertyTracking", "Src\PropertyTracking\MockingToolkit.PropertyTracking.csproj", "{259EFDDF-CEF5-4A11-9B90-E19FF00F2B22}"
EndProject
Project("{FAE04EC0-301F-11D3-BF4B-00C04F79EFBC}") = "MockingToolkit.PropertyTracking.Tests", "Tests\MockingToolkit.PropertyTracking.Tests\MockingToolkit.PropertyTracking.Tests.csproj", "{58720705-AD46-49C2-B1D0-4121960FE3AE}"
EndProject
Global
	GlobalSection(SolutionConfigurationPlatforms) = preSolution
		Debug|Any CPU = Debug|Any CPU
		Debug|x64 = Debug|x64
		Debug|x86 = Debug|x86
		Release|Any CPU = Release|Any CPU
		Release|x64 = Release|x64
		Release|x86 = Release|x86
	EndGlobalSection
	GlobalSection(ProjectConfigurationPlatforms) = postSolution
		{130FAF33-3EA0-4620-BBD7-708D4D351031}.Debug|Any CPU.ActiveCfg = Debug|Any CPU
		{130FAF33-3EA0-4620-BBD7-708D4D351031}.Debug|Any CPU.Build.0 = Debug|Any CPU
		{130FAF33-3EA0-4620-BBD7-708D4D351031}.Debug|x64.ActiveCfg = Debug|Any CPU
		{130FAF33-3EA0-4620-BBD7-708D4D351031}.Debug|x64.Build.0 = Debug|Any CPU
		{130FAF33-3EA0-4620-BBD7-708D4D351031}.Debug|x86.ActiveCfg = Debug|Any CPU
		{130FAF33-3EA0-4620-BBD7-708D4D351031}.Debug|x86.Build.0 = Debug|Any CPU
		{130FAF33-3EA0-4620-BBD7-708D4D351031}.Release|Any CPU.ActiveCfg = Release|Any CPU
		{130FAF33-3EA0-4620-BBD7-708D4D351031}.Release|Any CPU.Build.0 = Release|Any CPU
		{130FAF33-3EA0-4620-BBD7-708D4D351031}.Release|x64.ActiveCfg = Release|Any CPU
		{130FAF33-3EA0-4620-BBD7-708D4D351031}.Release|x64.Build.0 = Release|Any CPU
		{130FAF33-3EA0-4620-BBD7-708D4D351031}.Release|x86.ActiveCfg = Release|Any CPU
		{130FAF33-3EA0-4620-BBD7-708D4D351031}.Release|x86.Build.0 = Release|Any CPU
		{AA0F8FFB-D195-4E14-948D-A92093983D9F}.Debug|Any CPU.ActiveCfg = Debug|Any CPU
		{AA0F8FFB-D195-4E14-948D-A92093983D9F}.Debug|Any CPU.Build.0 = Debug|Any CPU
		{AA0F8FFB-D195-4E14-948D-A92093983D9F}.Debug|x64.ActiveCfg = Debug|Any CPU
		{AA0F8FFB-D195-4E14-948D-A92093983D9F}.Debug|x64.Build.0 = Debug|Any CPU
		{AA0F8FFB-D195-4E14-948D-A92093983D9F}.Debug|x86.ActiveCfg = Debug|Any CPU
		{AA0F8FFB-D195-4E14-948D-A92093983D9F}.Debug|x86.Build.0 = Debug|Any CPU
		{AA0F8FFB-D195-4E14-948D-A92093983D9F}.Release|Any CPU.ActiveCfg = Release|Any CPU
		{AA0F8FFB-D195-4E14-948D-A92093983D9F}.Release|Any CPU.Build.0 = Release|Any CPU
		{AA0F8FFB-D195-4E14-948D-A92093983D9F}.Release|x64.ActiveCfg = Release|Any CPU
		{AA0F8FFB-D195-4E14-948D-A92093983D9F}.Release|x64.Build.0 = Release|Any CPU
		{AA0F8FFB-D195-4E14-948D-A92093983D9F}.Release|x86.ActiveCfg = Release|Any CPU
		{AA0F8FFB-D195-4E14-948D-A92093983D9F}.Release|x86.Build.0 = Release|Any CPU
		{0B646812-AC40-4DC3-80DD-6F95F02D53DA}.Debug|Any CPU.ActiveCfg = Debug|Any CPU
		{0B646812-AC40-4DC3-80DD-6F95F02D53DA}.Debug|Any CPU.Build.0 = Debug|Any CPU
		{0B646812-AC40-4DC3-80DD-6F95F02D53DA}.Debug|x64.ActiveCfg = Debug|Any CPU
		{0B646812-AC40-4DC3-80DD-6F95F02D53DA}.Debug|x64.Build.0 = Debug|Any CPU
		{0B646812-AC40-4DC3-80DD-6F95F02D53DA}.Debug|x86.ActiveCfg = Debug|Any CPU
		{0B646812-AC40-4DC3-80DD-6F95F02D53DA}.Debug|x86.Build.0 = Debug|Any CPU
		{0B646812-AC40-4DC3-80DD-6F95F02D53DA}.Release|Any CPU.ActiveCfg = Release|Any CPU
		{0B646812-AC40-4DC3-80DD-6F95F02D53DA}.Release|Any CPU.Build.0 = Release|Any CPU
		{0B646812-AC40-4DC3-80DD-6F95F02D53DA}.Release|x64.ActiveCfg = Release|Any CPU
		{0B646812-AC40-4DC3-80DD-6F95F02D53DA}.Release|x64.Build.0 = Release|Any CPU
		{0B646812-AC40-4DC3-80DD-6F95F02D53DA}.Release|x86.ActiveCfg = Release|Any CPU
		{0B646812-AC40-4DC3-80DD-6F95F02D53DA}.Release|x86.Build.0 = Release|Any CPU
		{259EFDDF-CEF5-4A11-9B90-E19FF00F2B22}.Debug|Any CPU.ActiveCfg = Debug|Any CPU
		{259EFDDF-CEF5-4A11-9B90-E19FF00F2B22}.Debug|Any CPU.Build.0 = Debug|Any CPU
		{259EFDDF-CEF5-4A11-9B90-E19FF00F2B22}.Debug|x64.ActiveCfg = Debug|Any CPU
		{259EFDDF-CEF5-4A11-9B90-E19FF00F2B22}.Debug|x64.Build.0 = Debug|Any CPU
		{259EFDDF-CEF5-4A11-9B90-E19FF00F2B22}.Debug|x86.ActiveCfg = Debug|Any CPU
		{259EFDDF-CEF5-4A11-9B90-E19FF00F2B22}.Debug|x86.Build.0 = Debug|Any CPU
		{259EFDDF-CEF5-4A11-9B90-E19FF00F2B22}.Release|Any CPU.ActiveCfg = Release|Any CPU
		{259EFDDF-CEF5-4A11-9B90-E19FF00F2B22}.Release|Any CPU.Build.0 = Release|Any CPU
		{259EFDDF-CEF5-4A11-9B90-E19FF00F2B22}.Release|x64.ActiveCfg = Release|Any CPU
		{259EFDDF-CEF5-4A11-9B90-E19FF00F2B22}.Release|x64.Build.0 = Release|Any CPU
		{259EFDDF-CEF5-4A11-9B90-E19FF00F2B22}.Release|x86.ActiveCfg = Release|Any CPU
		{259EFDDF-CEF5-4A11-9B90-E19FF00F2B22}.Release|x86.Build.0 = Release|Any CPU
		{58720705-AD46-49C2-B1D0-4121960FE3AE}.Debug|Any CPU.ActiveCfg = Debug|Any CPU
		{58720705-AD46-49C2-B1D0-4121960FE3AE}.Debug|Any CPU.Build.0 = Debug|Any CPU
		{58720705-AD46-49C2-B1D0-4121960FE3AE}.Debug|x64.ActiveCfg = Debug|Any CPU
		{58720705-AD46-49C2-B1D0-4121960FE3AE}.Debug|x64.Build.0 = Debug|Any CPU
		{58720705-AD46-49C2-B1D0-4121960FE3AE}.Debug|x86.ActiveCfg = Debug|Any CPU
		{58720705-AD46-49C2-B1D0-4121960FE3AE}.Debug|x86.Build.0 = Debug|Any CPU
		{58720705-AD46-49C2-B1D0-4121960FE3AE}.Release|Any CPU.ActiveCfg = Release|Any CPU
		{58720705-AD46-49C2-B1D0-4121960FE3AE}.Release|Any CPU.Build.0 = Release|Any CPU
		{58720705-AD46-49C2-B1D0-4121960FE3AE}.Release|x64.ActiveCfg = Release|Any CPU
		{58720705-AD46-49C2-B1D0-4121960FE3AE}.Release|x64.Build.0 = Release|Any CPU
		{58720705-AD46-49C2-B1D0-4121960FE3AE}.Release|x86.ActiveCfg = Release|Any CPU
		{58720705-AD46-49C2-B1D0-4121960FE3AE}.Release|x86.Build.0 = Release|Any CPU
	EndGlobalSection
	GlobalSection(SolutionProperties) = preSolution
		HideSolutionNode = FALSE
	EndGlobalSection
	GlobalSection(NestedProjects) = preSolution
		{130FAF33-3EA0-4620-BBD7-708D4D351031} = {827E0CD3-B72D-47B6-A68D-7590B98EB39B}
		{AA0F8FFB-D195-4E14-948D-A92093983D9F} = {827E0CD3-B72D-47B6-A68D-7590B98EB39B}
		{099509D3-D7B8-8B39-F39A-C61CBDC02C5F} = {0AB3BF05-4346-4AA6-1389-037BE0695223}
		{0B646812-AC40-4DC3-80DD-6F95F02D53DA} = {099509D3-D7B8-8B39-F39A-C61CBDC02C5F}
		{67BCB6F9-4BAE-F70A-0171-DFC127CC9F34} = {827E0CD3-B72D-47B6-A68D-7590B98EB39B}
		{259EFDDF-CEF5-4A11-9B90-E19FF00F2B22} = {67BCB6F9-4BAE-F70A-0171-DFC127CC9F34}
		{58720705-AD46-49C2-B1D0-4121960FE3AE} = {0AB3BF05-4346-4AA6-1389-037BE0695223}
	EndGlobalSection
EndGlobal
